
Microsoft Visual Studio Solution File, Format Version 12.00
# Visual Studio Version 17
VisualStudioVersion = 17.5.33516.290
MinimumVisualStudioVersion = 10.0.40219.1
Project("{FAE04EC0-301F-11D3-BF4B-00C04F79EFBC}") = "SealedVsUnsealed.Performance", "SealedVsUnsealed.Performance.csproj", "{A89EBCA9-65DC-4261-84CD-BD0C61F37AAB}"
EndProject
Global
	GlobalSection(SolutionConfigurationPlatforms) = preSolution
		Debug|Any CPU = Debug|Any CPU
		Release|Any CPU = Release|Any CPU
	EndGlobalSection
	GlobalSection(ProjectConfigurationPlatforms) = postSolution
		{A89EBCA9-65DC-4261-84CD-BD0C61F37AAB}.Debug|Any CPU.ActiveCfg = Debug|Any CPU
		{A89EBCA9-65DC-4261-84CD-BD0C61F37AAB}.Debug|Any CPU.Build.0 = Debug|Any CPU
		{A89EBCA9-65DC-4261-84CD-BD0C61F37AAB}.Release|Any CPU.ActiveCfg = Release|Any CPU
		{A89EBCA9-65DC-4261-84CD-BD0C61F37AAB}.Release|Any CPU.Build.0 = Release|Any CPU
	EndGlobalSection
	GlobalSection(SolutionProperties) = preSolution
		HideSolutionNode = FALSE
	EndGlobalSection
	GlobalSection(ExtensibilityGlobals) = postSolution
		SolutionGuid = {180C9582-7266-4A0E-9939-61BF93C060AB}
	EndGlobalSection
EndGlobal
